
Microsoft Visual Studio Solution File, Format Version 12.00
# Visual Studio Version 17
VisualStudioVersion = 17.2.32505.173
MinimumVisualStudioVersion = 10.0.40219.1
Project("{FAE04EC0-301F-11D3-BF4B-00C04F79EFBC}") = "Task1", "Task1\Task1.csproj", "{127B36ED-C993-4531-AEE7-9872A0938C2D}"
EndProject
Project("{FAE04EC0-301F-11D3-BF4B-00C04F79EFBC}") = "Task2", "Task2\Task2.csproj", "{26BA3BB9-728E-4566-8B11-03AC918817A2}"
EndProject
Global
	GlobalSection(SolutionConfigurationPlatforms) = preSolution
		Debug|Any CPU = Debug|Any CPU
		Release|Any CPU = Release|Any CPU
	EndGlobalSection
	GlobalSection(ProjectConfigurationPlatforms) = postSolution
		{127B36ED-C993-4531-AEE7-9872A0938C2D}.Debug|Any CPU.ActiveCfg = Debug|Any CPU
		{127B36ED-C993-4531-AEE7-9872A0938C2D}.Debug|Any CPU.Build.0 = Debug|Any CPU
		{127B36ED-C993-4531-AEE7-9872A0938C2D}.Release|Any CPU.ActiveCfg = Release|Any CPU
		{127B36ED-C993-4531-AEE7-9872A0938C2D}.Release|Any CPU.Build.0 = Release|Any CPU
		{26BA3BB9-728E-4566-8B11-03AC918817A2}.Debug|Any CPU.ActiveCfg = Debug|Any CPU
		{26BA3BB9-728E-4566-8B11-03AC918817A2}.Debug|Any CPU.Build.0 = Debug|Any CPU
		{26BA3BB9-728E-4566-8B11-03AC918817A2}.Release|Any CPU.ActiveCfg = Release|Any CPU
		{26BA3BB9-728E-4566-8B11-03AC918817A2}.Release|Any CPU.Build.0 = Release|Any CPU
	EndGlobalSection
	GlobalSection(SolutionProperties) = preSolution
		HideSolutionNode = FALSE
	EndGlobalSection
	GlobalSection(ExtensibilityGlobals) = postSolution
		SolutionGuid = {EBEF3572-6307-4681-813E-01170A68C6F9}
	EndGlobalSection
EndGlobal
